
Microsoft Visual Studio Solution File, Format Version 12.00
# Visual Studio Version 17
VisualStudioVersion = 17.5.33530.505
MinimumVisualStudioVersion = 10.0.40219.1
Project("{FAE04EC0-301F-11D3-BF4B-00C04F79EFBC}") = "Test", "Test\Test.csproj", "{E17E5FE9-41A2-46F3-9623-89CD3077A43B}"
EndProject
Global
	GlobalSection(SolutionConfigurationPlatforms) = preSolution
		Debug|Any CPU = Debug|Any CPU
		Release|Any CPU = Release|Any CPU
	EndGlobalSection
	GlobalSection(ProjectConfigurationPlatforms) = postSolution
		{E17E5FE9-41A2-46F3-9623-89CD3077A43B}.Debug|Any CPU.ActiveCfg = Debug|Any CPU
		{E17E5FE9-41A2-46F3-9623-89CD3077A43B}.Debug|Any CPU.Build.0 = Debug|Any CPU
		{E17E5FE9-41A2-46F3-9623-89CD3077A43B}.Release|Any CPU.ActiveCfg = Release|Any CPU
		{E17E5FE9-41A2-46F3-9623-89CD3077A43B}.Release|Any CPU.Build.0 = Release|Any CPU
	EndGlobalSection
	GlobalSection(SolutionProperties) = preSolution
		HideSolutionNode = FALSE
	EndGlobalSection
	GlobalSection(ExtensibilityGlobals) = postSolution
		SolutionGuid = {7EAC68D7-A028-4BFA-A89C-D19A08FB7B51}
	EndGlobalSection
EndGlobal
